// !$*UTF8*$!
{
	archiveVersion = 1;
	classes = {
	};
	objectVersion = 50;
	objects = {

/* Begin PBXBuildFile section */
		1930F49E237A49C80053F37C /* AppDelegate.swift in Sources */ = {isa = PBXBuildFile; fileRef = 1930F49D237A49C80053F37C /* AppDelegate.swift */; };
		1930F4A0237A49C80053F37C /* SceneDelegate.swift in Sources */ = {isa = PBXBuildFile; fileRef = 1930F49F237A49C80053F37C /* SceneDelegate.swift */; };
		1930F4A2237A49C80053F37C /* MovieViewController.swift in Sources */ = {isa = PBXBuildFile; fileRef = 1930F4A1237A49C80053F37C /* MovieViewController.swift */; };
		1930F4A7237A49CA0053F37C /* Assets.xcassets in Resources */ = {isa = PBXBuildFile; fileRef = 1930F4A6237A49CA0053F37C /* Assets.xcassets */; };
		1930F4AA237A49CA0053F37C /* LaunchScreen.storyboard in Resources */ = {isa = PBXBuildFile; fileRef = 1930F4A8237A49CA0053F37C /* LaunchScreen.storyboard */; };
		1930F4B5237A49CA0053F37C /* TMDbTests.swift in Sources */ = {isa = PBXBuildFile; fileRef = 1930F4B4237A49CA0053F37C /* TMDbTests.swift */; };
		19BD1118237A4BC9000268CD /* MovieModel.swift in Sources */ = {isa = PBXBuildFile; fileRef = 19BD1117237A4BC9000268CD /* MovieModel.swift */; };
		19BD111B237A4CB0000268CD /* MovieTableViewCell.swift in Sources */ = {isa = PBXBuildFile; fileRef = 19BD111A237A4CB0000268CD /* MovieTableViewCell.swift */; };
		19BD111E237A4D1E000268CD /* ThemeManager.swift in Sources */ = {isa = PBXBuildFile; fileRef = 19BD111D237A4D1E000268CD /* ThemeManager.swift */; };
		19BD1120237A4D82000268CD /* MovieInfo.swift in Sources */ = {isa = PBXBuildFile; fileRef = 19BD111F237A4D82000268CD /* MovieInfo.swift */; };
		19E9649A237CF97D000E636E /* MockNetworkRequest.swift in Sources */ = {isa = PBXBuildFile; fileRef = 19E96499237CF97D000E636E /* MockNetworkRequest.swift */; };
		19E9649D237CFA51000E636E /* NetworkRequestProtocol.swift in Sources */ = {isa = PBXBuildFile; fileRef = 19E9649C237CFA51000E636E /* NetworkRequestProtocol.swift */; };
		19E9649F237D00A2000E636E /* notFound.json in Resources */ = {isa = PBXBuildFile; fileRef = 19E9649E237D00A2000E636E /* notFound.json */; };
		19E964A1237D00C9000E636E /* unauthorized.json in Resources */ = {isa = PBXBuildFile; fileRef = 19E964A0237D00C9000E636E /* unauthorized.json */; };
		19FE7307237BC400002B68D0 /* StringKey.swift in Sources */ = {isa = PBXBuildFile; fileRef = 19FE7306237BC400002B68D0 /* StringKey.swift */; };
		19FE730A237BCCF3002B68D0 /* queryResponse.json in Resources */ = {isa = PBXBuildFile; fileRef = 19FE7309237BCCF3002B68D0 /* queryResponse.json */; };
/* End PBXBuildFile section */

/* Begin PBXContainerItemProxy section */
		1930F4B1237A49CA0053F37C /* PBXContainerItemProxy */ = {
			isa = PBXContainerItemProxy;
			containerPortal = 1930F492237A49C70053F37C /* Project object */;
			proxyType = 1;
			remoteGlobalIDString = 1930F499237A49C70053F37C;
			remoteInfo = TMDb;
		};
/* End PBXContainerItemProxy section */

/* Begin PBXFileReference section */
		1930F49A237A49C70053F37C /* TMDb.app */ = {isa = PBXFileReference; explicitFileType = wrapper.application; includeInIndex = 0; path = TMDb.app; sourceTree = BUILT_PRODUCTS_DIR; };
		1930F49D237A49C80053F37C /* AppDelegate.swift */ = {isa = PBXFileReference; lastKnownFileType = sourcecode.swift; path = AppDelegate.swift; sourceTree = "<group>"; };
		1930F49F237A49C80053F37C /* SceneDelegate.swift */ = {isa = PBXFileReference; lastKnownFileType = sourcecode.swift; path = SceneDelegate.swift; sourceTree = "<group>"; };
		1930F4A1237A49C80053F37C /* MovieViewController.swift */ = {isa = PBXFileReference; lastKnownFileType = sourcecode.swift; path = MovieViewController.swift; sourceTree = "<group>"; };
		1930F4A6237A49CA0053F37C /* Assets.xcassets */ = {isa = PBXFileReference; lastKnownFileType = folder.assetcatalog; path = Assets.xcassets; sourceTree = "<group>"; };
		1930F4A9237A49CA0053F37C /* Base */ = {isa = PBXFileReference; lastKnownFileType = file.storyboard; name = Base; path = Base.lproj/LaunchScreen.storyboard; sourceTree = "<group>"; };
		1930F4AB237A49CA0053F37C /* Info.plist */ = {isa = PBXFileReference; lastKnownFileType = text.plist.xml; path = Info.plist; sourceTree = "<group>"; };
		1930F4B0237A49CA0053F37C /* TMDbTests.xctest */ = {isa = PBXFileReference; explicitFileType = wrapper.cfbundle; includeInIndex = 0; path = TMDbTests.xctest; sourceTree = BUILT_PRODUCTS_DIR; };
		1930F4B4237A49CA0053F37C /* TMDbTests.swift */ = {isa = PBXFileReference; lastKnownFileType = sourcecode.swift; path = TMDbTests.swift; sourceTree = "<group>"; };
		1930F4B6237A49CA0053F37C /* Info.plist */ = {isa = PBXFileReference; lastKnownFileType = text.plist.xml; path = Info.plist; sourceTree = "<group>"; };
		19BD1117237A4BC9000268CD /* MovieModel.swift */ = {isa = PBXFileReference; lastKnownFileType = sourcecode.swift; path = MovieModel.swift; sourceTree = "<group>"; };
		19BD111A237A4CB0000268CD /* MovieTableViewCell.swift */ = {isa = PBXFileReference; lastKnownFileType = sourcecode.swift; path = MovieTableViewCell.swift; sourceTree = "<group>"; };
		19BD111D237A4D1E000268CD /* ThemeManager.swift */ = {isa = PBXFileReference; lastKnownFileType = sourcecode.swift; path = ThemeManager.swift; sourceTree = "<group>"; };
		19BD111F237A4D82000268CD /* MovieInfo.swift */ = {isa = PBXFileReference; lastKnownFileType = sourcecode.swift; path = MovieInfo.swift; sourceTree = "<group>"; };
		19E96499237CF97D000E636E /* MockNetworkRequest.swift */ = {isa = PBXFileReference; lastKnownFileType = sourcecode.swift; path = MockNetworkRequest.swift; sourceTree = "<group>"; };
		19E9649C237CFA51000E636E /* NetworkRequestProtocol.swift */ = {isa = PBXFileReference; lastKnownFileType = sourcecode.swift; path = NetworkRequestProtocol.swift; sourceTree = "<group>"; };
		19E9649E237D00A2000E636E /* notFound.json */ = {isa = PBXFileReference; lastKnownFileType = text.json; path = notFound.json; sourceTree = "<group>"; };
		19E964A0237D00C9000E636E /* unauthorized.json */ = {isa = PBXFileReference; lastKnownFileType = text.json; path = unauthorized.json; sourceTree = "<group>"; };
		19FE7306237BC400002B68D0 /* StringKey.swift */ = {isa = PBXFileReference; lastKnownFileType = sourcecode.swift; path = StringKey.swift; sourceTree = "<group>"; };
		19FE7309237BCCF3002B68D0 /* queryResponse.json */ = {isa = PBXFileReference; lastKnownFileType = text.json; path = queryResponse.json; sourceTree = "<group>"; };
/* End PBXFileReference section */

/* Begin PBXFrameworksBuildPhase section */
		1930F497237A49C70053F37C /* Frameworks */ = {
			isa = PBXFrameworksBuildPhase;
			buildActionMask = 2147483647;
			files = (
			);
			runOnlyForDeploymentPostprocessing = 0;
		};
		1930F4AD237A49CA0053F37C /* Frameworks */ = {
			isa = PBXFrameworksBuildPhase;
			buildActionMask = 2147483647;
			files = (
			);
			runOnlyForDeploymentPostprocessing = 0;
		};
/* End PBXFrameworksBuildPhase section */

/* Begin PBXGroup section */
		1930F491237A49C70053F37C = {
			isa = PBXGroup;
			children = (
				1930F49C237A49C70053F37C /* TMDb */,
				1930F4B3237A49CA0053F37C /* TMDbTests */,
				1930F49B237A49C70053F37C /* Products */,
			);
			sourceTree = "<group>";
		};
		1930F49B237A49C70053F37C /* Products */ = {
			isa = PBXGroup;
			children = (
				1930F49A237A49C70053F37C /* TMDb.app */,
				1930F4B0237A49CA0053F37C /* TMDbTests.xctest */,
			);
			name = Products;
			sourceTree = "<group>";
		};
		1930F49C237A49C70053F37C /* TMDb */ = {
			isa = PBXGroup;
			children = (
				19E9649B237CFA3C000E636E /* Protocols */,
				19FE7305237BC3F3002B68D0 /* StringKey */,
				19BD111C237A4D15000268CD /* Themes */,
				19BD1121237A5353000268CD /* ViewControllers */,
				19BD1119237A4CA0000268CD /* Views */,
				19BD1116237A4BBC000268CD /* Models */,
				1930F49D237A49C80053F37C /* AppDelegate.swift */,
				1930F49F237A49C80053F37C /* SceneDelegate.swift */,
				1930F4A6237A49CA0053F37C /* Assets.xcassets */,
				1930F4A8237A49CA0053F37C /* LaunchScreen.storyboard */,
				1930F4AB237A49CA0053F37C /* Info.plist */,
			);
			path = TMDb;
			sourceTree = "<group>";
		};
		1930F4B3237A49CA0053F37C /* TMDbTests */ = {
			isa = PBXGroup;
			children = (
				19FE7308237BCCCC002B68D0 /* Mock */,
				1930F4B4237A49CA0053F37C /* TMDbTests.swift */,
				1930F4B6237A49CA0053F37C /* Info.plist */,
			);
			path = TMDbTests;
			sourceTree = "<group>";
		};
		19BD1116237A4BBC000268CD /* Models */ = {
			isa = PBXGroup;
			children = (
				19BD1117237A4BC9000268CD /* MovieModel.swift */,
				19BD111F237A4D82000268CD /* MovieInfo.swift */,
			);
			path = Models;
			sourceTree = "<group>";
		};
		19BD1119237A4CA0000268CD /* Views */ = {
			isa = PBXGroup;
			children = (
				19BD111A237A4CB0000268CD /* MovieTableViewCell.swift */,
			);
			path = Views;
			sourceTree = "<group>";
		};
		19BD111C237A4D15000268CD /* Themes */ = {
			isa = PBXGroup;
			children = (
				19BD111D237A4D1E000268CD /* ThemeManager.swift */,
			);
			path = Themes;
			sourceTree = "<group>";
		};
		19BD1121237A5353000268CD /* ViewControllers */ = {
			isa = PBXGroup;
			children = (
				1930F4A1237A49C80053F37C /* MovieViewController.swift */,
			);
			path = ViewControllers;
			sourceTree = "<group>";
		};
		19E9649B237CFA3C000E636E /* Protocols */ = {
			isa = PBXGroup;
			children = (
				19E9649C237CFA51000E636E /* NetworkRequestProtocol.swift */,
			);
			path = Protocols;
			sourceTree = "<group>";
		};
		19FE7305237BC3F3002B68D0 /* StringKey */ = {
			isa = PBXGroup;
			children = (
				19FE7306237BC400002B68D0 /* StringKey.swift */,
			);
			path = StringKey;
			sourceTree = "<group>";
		};
		19FE7308237BCCCC002B68D0 /* Mock */ = {
			isa = PBXGroup;
			children = (
				19E96499237CF97D000E636E /* MockNetworkRequest.swift */,
				19FE7309237BCCF3002B68D0 /* queryResponse.json */,
				19E9649E237D00A2000E636E /* notFound.json */,
				19E964A0237D00C9000E636E /* unauthorized.json */,
			);
			path = Mock;
			sourceTree = "<group>";
		};
/* End PBXGroup section */

/* Begin PBXNativeTarget section */
		1930F499237A49C70053F37C /* TMDb */ = {
			isa = PBXNativeTarget;
			buildConfigurationList = 1930F4B9237A49CA0053F37C /* Build configuration list for PBXNativeTarget "TMDb" */;
			buildPhases = (
				1930F496237A49C70053F37C /* Sources */,
				1930F497237A49C70053F37C /* Frameworks */,
				1930F498237A49C70053F37C /* Resources */,
			);
			buildRules = (
			);
			dependencies = (
			);
			name = TMDb;
			productName = TMDb;
			productReference = 1930F49A237A49C70053F37C /* TMDb.app */;
			productType = "com.apple.product-type.application";
		};
		1930F4AF237A49CA0053F37C /* TMDbTests */ = {
			isa = PBXNativeTarget;
			buildConfigurationList = 1930F4BC237A49CA0053F37C /* Build configuration list for PBXNativeTarget "TMDbTests" */;
			buildPhases = (
				1930F4AC237A49CA0053F37C /* Sources */,
				1930F4AD237A49CA0053F37C /* Frameworks */,
				1930F4AE237A49CA0053F37C /* Resources */,
			);
			buildRules = (
			);
			dependencies = (
				1930F4B2237A49CA0053F37C /* PBXTargetDependency */,
			);
			name = TMDbTests;
			productName = TMDbTests;
			productReference = 1930F4B0237A49CA0053F37C /* TMDbTests.xctest */;
			productType = "com.apple.product-type.bundle.unit-test";
		};
/* End PBXNativeTarget section */

/* Begin PBXProject section */
		1930F492237A49C70053F37C /* Project object */ = {
			isa = PBXProject;
			attributes = {
				LastSwiftUpdateCheck = 1120;
				LastUpgradeCheck = 1120;
				ORGANIZATIONNAME = "Khalid Asad";
				TargetAttributes = {
					1930F499237A49C70053F37C = {
						CreatedOnToolsVersion = 11.2;
					};
					1930F4AF237A49CA0053F37C = {
						CreatedOnToolsVersion = 11.2;
						TestTargetID = 1930F499237A49C70053F37C;
					};
				};
			};
			buildConfigurationList = 1930F495237A49C70053F37C /* Build configuration list for PBXProject "TMDb" */;
			compatibilityVersion = "Xcode 9.3";
			developmentRegion = en;
			hasScannedForEncodings = 0;
			knownRegions = (
				en,
				Base,
			);
			mainGroup = 1930F491237A49C70053F37C;
			productRefGroup = 1930F49B237A49C70053F37C /* Products */;
			projectDirPath = "";
			projectRoot = "";
			targets = (
				1930F499237A49C70053F37C /* TMDb */,
				1930F4AF237A49CA0053F37C /* TMDbTests */,
			);
		};
/* End PBXProject section */

/* Begin PBXResourcesBuildPhase section */
		1930F498237A49C70053F37C /* Resources */ = {
			isa = PBXResourcesBuildPhase;
			buildActionMask = 2147483647;
			files = (
				1930F4AA237A49CA0053F37C /* LaunchScreen.storyboard in Resources */,
				1930F4A7237A49CA0053F37C /* Assets.xcassets in Resources */,
			);
			runOnlyForDeploymentPostprocessing = 0;
		};
		1930F4AE237A49CA0053F37C /* Resources */ = {
			isa = PBXResourcesBuildPhase;
			buildActionMask = 2147483647;
			files = (
				19E9649F237D00A2000E636E /* notFound.json in Resources */,
				19FE730A237BCCF3002B68D0 /* queryResponse.json in Resources */,
				19E964A1237D00C9000E636E /* unauthorized.json in Resources */,
			);
			runOnlyForDeploymentPostprocessing = 0;
		};
/* End PBXResourcesBuildPhase section */

/* Begin PBXSourcesBuildPhase section */
		1930F496237A49C70053F37C /* Sources */ = {
			isa = PBXSourcesBuildPhase;
			buildActionMask = 2147483647;
			files = (
				19BD1120237A4D82000268CD /* MovieInfo.swift in Sources */,
				19BD111B237A4CB0000268CD /* MovieTableViewCell.swift in Sources */,
				19E9649D237CFA51000E636E /* NetworkRequestProtocol.swift in Sources */,
				19FE7307237BC400002B68D0 /* StringKey.swift in Sources */,
				19BD1118237A4BC9000268CD /* MovieModel.swift in Sources */,
				1930F4A2237A49C80053F37C /* MovieViewController.swift in Sources */,
				1930F49E237A49C80053F37C /* AppDelegate.swift in Sources */,
				1930F4A0237A49C80053F37C /* SceneDelegate.swift in Sources */,
				19BD111E237A4D1E000268CD /* ThemeManager.swift in Sources */,
			);
			runOnlyForDeploymentPostprocessing = 0;
		};
		1930F4AC237A49CA0053F37C /* Sources */ = {
			isa = PBXSourcesBuildPhase;
			buildActionMask = 2147483647;
			files = (
				19E9649A237CF97D000E636E /* MockNetworkRequest.swift in Sources */,
				1930F4B5237A49CA0053F37C /* TMDbTests.swift in Sources */,
			);
			runOnlyForDeploymentPostprocessing = 0;
		};
/* End PBXSourcesBuildPhase section */

/* Begin PBXTargetDependency section */
		1930F4B2237A49CA0053F37C /* PBXTargetDependency */ = {
			isa = PBXTargetDependency;
			target = 1930F499237A49C70053F37C /* TMDb */;
			targetProxy = 1930F4B1237A49CA0053F37C /* PBXContainerItemProxy */;
		};
/* End PBXTargetDependency section */

/* Begin PBXVariantGroup section */
		1930F4A8237A49CA0053F37C /* LaunchScreen.storyboard */ = {
			isa = PBXVariantGroup;
			children = (
				1930F4A9237A49CA0053F37C /* Base */,
			);
			name = LaunchScreen.storyboard;
			sourceTree = "<group>";
		};
/* End PBXVariantGroup section */

/* Begin XCBuildConfiguration section */
		1930F4B7237A49CA0053F37C /* Debug */ = {
			isa = XCBuildConfiguration;
			buildSettings = {
				ALWAYS_SEARCH_USER_PATHS = NO;
				CLANG_ANALYZER_NONNULL = YES;
				CLANG_ANALYZER_NUMBER_OBJECT_CONVERSION = YES_AGGRESSIVE;
				CLANG_CXX_LANGUAGE_STANDARD = "gnu++14";
				CLANG_CXX_LIBRARY = "libc++";
				CLANG_ENABLE_MODULES = YES;
				CLANG_ENABLE_OBJC_ARC = YES;
				CLANG_ENABLE_OBJC_WEAK = YES;
				CLANG_WARN_BLOCK_CAPTURE_AUTORELEASING = YES;
				CLANG_WARN_BOOL_CONVERSION = YES;
				CLANG_WARN_COMMA = YES;
				CLANG_WARN_CONSTANT_CONVERSION = YES;
				CLANG_WARN_DEPRECATED_OBJC_IMPLEMENTATIONS = YES;
				CLANG_WARN_DIRECT_OBJC_ISA_USAGE = YES_ERROR;
				CLANG_WARN_DOCUMENTATION_COMMENTS = YES;
				CLANG_WARN_EMPTY_BODY = YES;
				CLANG_WARN_ENUM_CONVERSION = YES;
				CLANG_WARN_INFINITE_RECURSION = YES;
				CLANG_WARN_INT_CONVERSION = YES;
				CLANG_WARN_NON_LITERAL_NULL_CONVERSION = YES;
				CLANG_WARN_OBJC_IMPLICIT_RETAIN_SELF = YES;
				CLANG_WARN_OBJC_LITERAL_CONVERSION = YES;
				CLANG_WARN_OBJC_ROOT_CLASS = YES_ERROR;
				CLANG_WARN_RANGE_LOOP_ANALYSIS = YES;
				CLANG_WARN_STRICT_PROTOTYPES = YES;
				CLANG_WARN_SUSPICIOUS_MOVE = YES;
				CLANG_WARN_UNGUARDED_AVAILABILITY = YES_AGGRESSIVE;
				CLANG_WARN_UNREACHABLE_CODE = YES;
				CLANG_WARN__DUPLICATE_METHOD_MATCH = YES;
				COPY_PHASE_STRIP = NO;
				DEBUG_INFORMATION_FORMAT = dwarf;
				ENABLE_STRICT_OBJC_MSGSEND = YES;
				ENABLE_TESTABILITY = YES;
				GCC_C_LANGUAGE_STANDARD = gnu11;
				GCC_DYNAMIC_NO_PIC = NO;
				GCC_NO_COMMON_BLOCKS = YES;
				GCC_OPTIMIZATION_LEVEL = 0;
				GCC_PREPROCESSOR_DEFINITIONS = (
					"DEBUG=1",
					"$(inherited)",
				);
				GCC_WARN_64_TO_32_BIT_CONVERSION = YES;
				GCC_WARN_ABOUT_RETURN_TYPE = YES_ERROR;
				GCC_WARN_UNDECLARED_SELECTOR = YES;
				GCC_WARN_UNINITIALIZED_AUTOS = YES_AGGRESSIVE;
				GCC_WARN_UNUSED_FUNCTION = YES;
				GCC_WARN_UNUSED_VARIABLE = YES;
				IPHONEOS_DEPLOYMENT_TARGET = 13.2;
				MTL_ENABLE_DEBUG_INFO = INCLUDE_SOURCE;
				MTL_FAST_MATH = YES;
				ONLY_ACTIVE_ARCH = YES;
				SDKROOT = iphoneos;
				SWIFT_ACTIVE_COMPILATION_CONDITIONS = DEBUG;
				SWIFT_OPTIMIZATION_LEVEL = "-Onone";
			};
			name = Debug;
		};
		1930F4B8237A49CA0053F37C /* Release */ = {
			isa = XCBuildConfiguration;
			buildSettings = {
				ALWAYS_SEARCH_USER_PATHS = NO;
				CLANG_ANALYZER_NONNULL = YES;
				CLANG_ANALYZER_NUMBER_OBJECT_CONVERSION = YES_AGGRESSIVE;
				CLANG_CXX_LANGUAGE_STANDARD = "gnu++14";
				CLANG_CXX_LIBRARY = "libc++";
				CLANG_ENABLE_MODULES = YES;
				CLANG_ENABLE_OBJC_ARC = YES;
				CLANG_ENABLE_OBJC_WEAK = YES;
				CLANG_WARN_BLOCK_CAPTURE_AUTORELEASING = YES;
				CLANG_WARN_BOOL_CONVERSION = YES;
				CLANG_WARN_COMMA = YES;
				CLANG_WARN_CONSTANT_CONVERSION = YES;
				CLANG_WARN_DEPRECATED_OBJC_IMPLEMENTATIONS = YES;
				CLANG_WARN_DIRECT_OBJC_ISA_USAGE = YES_ERROR;
				CLANG_WARN_DOCUMENTATION_COMMENTS = YES;
				CLANG_WARN_EMPTY_BODY = YES;
				CLANG_WARN_ENUM_CONVERSION = YES;
				CLANG_WARN_INFINITE_RECURSION = YES;
				CLANG_WARN_INT_CONVERSION = YES;
				CLANG_WARN_NON_LITERAL_NULL_CONVERSION = YES;
				CLANG_WARN_OBJC_IMPLICIT_RETAIN_SELF = YES;
				CLANG_WARN_OBJC_LITERAL_CONVERSION = YES;
				CLANG_WARN_OBJC_ROOT_CLASS = YES_ERROR;
				CLANG_WARN_RANGE_LOOP_ANALYSIS = YES;
				CLANG_WARN_STRICT_PROTOTYPES = YES;
				CLANG_WARN_SUSPICIOUS_MOVE = YES;
				CLANG_WARN_UNGUARDED_AVAILABILITY = YES_AGGRESSIVE;
				CLANG_WARN_UNREACHABLE_CODE = YES;
				CLANG_WARN__DUPLICATE_METHOD_MATCH = YES;
				COPY_PHASE_STRIP = NO;
				DEBUG_INFORMATION_FORMAT = "dwarf-with-dsym";
				ENABLE_NS_ASSERTIONS = NO;
				ENABLE_STRICT_OBJC_MSGSEND = YES;
				GCC_C_LANGUAGE_STANDARD = gnu11;
				GCC_NO_COMMON_BLOCKS = YES;
				GCC_WARN_64_TO_32_BIT_CONVERSION = YES;
				GCC_WARN_ABOUT_RETURN_TYPE = YES_ERROR;
				GCC_WARN_UNDECLARED_SELECTOR = YES;
				GCC_WARN_UNINITIALIZED_AUTOS = YES_AGGRESSIVE;
				GCC_WARN_UNUSED_FUNCTION = YES;
				GCC_WARN_UNUSED_VARIABLE = YES;
				IPHONEOS_DEPLOYMENT_TARGET = 13.2;
				MTL_ENABLE_DEBUG_INFO = NO;
				MTL_FAST_MATH = YES;
				SDKROOT = iphoneos;
				SWIFT_COMPILATION_MODE = wholemodule;
				SWIFT_OPTIMIZATION_LEVEL = "-O";
				VALIDATE_PRODUCT = YES;
			};
			name = Release;
		};
		1930F4BA237A49CA0053F37C /* Debug */ = {
			isa = XCBuildConfiguration;
			buildSettings = {
				ASSETCATALOG_COMPILER_APPICON_NAME = AppIcon;
				CODE_SIGN_STYLE = Automatic;
				INFOPLIST_FILE = TMDb/Info.plist;
				LD_RUNPATH_SEARCH_PATHS = (
					"$(inherited)",
					"@executable_path/Frameworks",
				);
				PRODUCT_BUNDLE_IDENTIFIER = Logismiko.TMDb;
				PRODUCT_NAME = "$(TARGET_NAME)";
				SWIFT_VERSION = 5.0;
				TARGETED_DEVICE_FAMILY = "1,2";
			};
			name = Debug;
		};
		1930F4BB237A49CA0053F37C /* Release */ = {
			isa = XCBuildConfiguration;
			buildSettings = {
				ASSETCATALOG_COMPILER_APPICON_NAME = AppIcon;
				CODE_SIGN_STYLE = Automatic;
				INFOPLIST_FILE = TMDb/Info.plist;
				LD_RUNPATH_SEARCH_PATHS = (
					"$(inherited)",
					"@executable_path/Frameworks",
				);
				PRODUCT_BUNDLE_IDENTIFIER = Logismiko.TMDb;
				PRODUCT_NAME = "$(TARGET_NAME)";
				SWIFT_VERSION = 5.0;
				TARGETED_DEVICE_FAMILY = "1,2";
			};
			name = Release;
		};
		1930F4BD237A49CA0053F37C /* Debug */ = {
			isa = XCBuildConfiguration;
			buildSettings = {
				ALWAYS_EMBED_SWIFT_STANDARD_LIBRARIES = YES;
				BUNDLE_LOADER = "$(TEST_HOST)";
				CODE_SIGN_STYLE = Automatic;
				INFOPLIST_FILE = TMDbTests/Info.plist;
				IPHONEOS_DEPLOYMENT_TARGET = 13.2;
				LD_RUNPATH_SEARCH_PATHS = (
					"$(inherited)",
					"@executable_path/Frameworks",
					"@loader_path/Frameworks",
				);
				PRODUCT_BUNDLE_IDENTIFIER = Logismiko.TMDbTests;
				PRODUCT_NAME = "$(TARGET_NAME)";
				SWIFT_VERSION = 5.0;
				TARGETED_DEVICE_FAMILY = "1,2";
				TEST_HOST = "$(BUILT_PRODUCTS_DIR)/TMDb.app/TMDb";
			};
			name = Debug;
		};
		1930F4BE237A49CA0053F37C /* Release */ = {
			isa = XCBuildConfiguration;
			buildSettings = {
				ALWAYS_EMBED_SWIFT_STANDARD_LIBRARIES = YES;
				BUNDLE_LOADER = "$(TEST_HOST)";
				CODE_SIGN_STYLE = Automatic;
				INFOPLIST_FILE = TMDbTests/Info.plist;
				IPHONEOS_DEPLOYMENT_TARGET = 13.2;
				LD_RUNPATH_SEARCH_PATHS = (
					"$(inherited)",
					"@executable_path/Frameworks",
					"@loader_path/Frameworks",
				);
				PRODUCT_BUNDLE_IDENTIFIER = Logismiko.TMDbTests;
				PRODUCT_NAME = "$(TARGET_NAME)";
				SWIFT_VERSION = 5.0;
				TARGETED_DEVICE_FAMILY = "1,2";
				TEST_HOST = "$(BUILT_PRODUCTS_DIR)/TMDb.app/TMDb";
			};
			name = Release;
		};
/* End XCBuildConfiguration section */

/* Begin XCConfigurationList section */
		1930F495237A49C70053F37C /* Build configuration list for PBXProject "TMDb" */ = {
			isa = XCConfigurationList;
			buildConfigurations = (
				1930F4B7237A49CA0053F37C /* Debug */,
				1930F4B8237A49CA0053F37C /* Release */,
			);
			defaultConfigurationIsVisible = 0;
			defaultConfigurationName = Release;
		};
		1930F4B9237A49CA0053F37C /* Build configuration list for PBXNativeTarget "TMDb" */ = {
			isa = XCConfigurationList;
			buildConfigurations = (
				1930F4BA237A49CA0053F37C /* Debug */,
				1930F4BB237A49CA0053F37C /* Release */,
			);
			defaultConfigurationIsVisible = 0;
			defaultConfigurationName = Release;
		};
		1930F4BC237A49CA0053F37C /* Build configuration list for PBXNativeTarget "TMDbTests" */ = {
			isa = XCConfigurationList;
			buildConfigurations = (
				1930F4BD237A49CA0053F37C /* Debug */,
				1930F4BE237A49CA0053F37C /* Release */,
			);
			defaultConfigurationIsVisible = 0;
			defaultConfigurationName = Release;
		};
/* End XCConfigurationList section */
	};
	rootObject = 1930F492237A49C70053F37C /* Project object */;
}
